// !$*UTF8*$!
{
	archiveVersion = 1;
	classes = {
	};
	objectVersion = 51;
	objects = {

/* Begin PBXBuildFile section */
		04AA916E24C048430056F0C7 /* MovieCollectionViewCell.swift in Sources */ = {isa = PBXBuildFile; fileRef = 04B5A1B824C021AC008DA70A /* MovieCollectionViewCell.swift */; };
		04AA916F24C048430056F0C7 /* HomeViewController.swift in Sources */ = {isa = PBXBuildFile; fileRef = 04B5A1AF24C01E43008DA70A /* HomeViewController.swift */; };
		04AA917024C048430056F0C7 /* AppDelegate.swift in Sources */ = {isa = PBXBuildFile; fileRef = 04B34E2D24C0091A0098D9E8 /* AppDelegate.swift */; };
		04AA917124C048430056F0C7 /* SceneDelegate.swift in Sources */ = {isa = PBXBuildFile; fileRef = 04B34E2F24C0091A0098D9E8 /* SceneDelegate.swift */; };
		04AA917224C048430056F0C7 /* ViewController.swift in Sources */ = {isa = PBXBuildFile; fileRef = 04B34E3124C0091A0098D9E8 /* ViewController.swift */; };
		04AA917324C048690056F0C7 /* Assets.xcassets in Resources */ = {isa = PBXBuildFile; fileRef = 04B34E3624C0091C0098D9E8 /* Assets.xcassets */; };
		04AA917424C048690056F0C7 /* MovieCollectionViewCell.xib in Resources */ = {isa = PBXBuildFile; fileRef = 04B5A1B924C021AC008DA70A /* MovieCollectionViewCell.xib */; };
		04AA917524C048690056F0C7 /* Main.storyboard in Resources */ = {isa = PBXBuildFile; fileRef = 04B34E3324C0091A0098D9E8 /* Main.storyboard */; };
		04AA917624C048690056F0C7 /* LaunchScreen.storyboard in Resources */ = {isa = PBXBuildFile; fileRef = 04B34E3824C0091C0098D9E8 /* LaunchScreen.storyboard */; };
		04BE430C24C04B1F00F76A04 /* SearchViewController.swift in Sources */ = {isa = PBXBuildFile; fileRef = 04BE430B24C04B1F00F76A04 /* SearchViewController.swift */; };
		04BE431724C05D7900F76A04 /* TitleCollectionReusableView.swift in Sources */ = {isa = PBXBuildFile; fileRef = 04BE431324C05C9A00F76A04 /* TitleCollectionReusableView.swift */; };
		04BE431824C05D8800F76A04 /* TitleCollectionReusableView.xib in Resources */ = {isa = PBXBuildFile; fileRef = 04BE431424C05C9A00F76A04 /* TitleCollectionReusableView.xib */; };
		DDEA962824C0CFE700E9A1DF /* MovieItemCollectionViewCell.swift in Resources */ = {isa = PBXBuildFile; fileRef = DDEA962424C0CBA500E9A1DF /* MovieItemCollectionViewCell.swift */; };
		DDEA962924C0CFF200E9A1DF /* MovieItemCollectionViewCell.swift in Sources */ = {isa = PBXBuildFile; fileRef = DDEA962424C0CBA500E9A1DF /* MovieItemCollectionViewCell.swift */; };
		F11F05330E4930770529088F /* Pods_movie_assignment.framework in Frameworks */ = {isa = PBXBuildFile; fileRef = FD1DCC5861579091BB0963B4 /* Pods_movie_assignment.framework */; };
/* End PBXBuildFile section */

/* Begin PBXFileReference section */
		04B34E2A24C0091A0098D9E8 /* movie_assignment.app */ = {isa = PBXFileReference; explicitFileType = wrapper.application; includeInIndex = 0; path = movie_assignment.app; sourceTree = BUILT_PRODUCTS_DIR; };
		04B34E2D24C0091A0098D9E8 /* AppDelegate.swift */ = {isa = PBXFileReference; lastKnownFileType = sourcecode.swift; path = AppDelegate.swift; sourceTree = "<group>"; };
		04B34E2F24C0091A0098D9E8 /* SceneDelegate.swift */ = {isa = PBXFileReference; lastKnownFileType = sourcecode.swift; path = SceneDelegate.swift; sourceTree = "<group>"; };
		04B34E3124C0091A0098D9E8 /* ViewController.swift */ = {isa = PBXFileReference; lastKnownFileType = sourcecode.swift; path = ViewController.swift; sourceTree = "<group>"; };
		04B34E3424C0091A0098D9E8 /* Base */ = {isa = PBXFileReference; lastKnownFileType = file.storyboard; name = Base; path = Base.lproj/Main.storyboard; sourceTree = "<group>"; };
		04B34E3624C0091C0098D9E8 /* Assets.xcassets */ = {isa = PBXFileReference; lastKnownFileType = folder.assetcatalog; path = Assets.xcassets; sourceTree = "<group>"; };
		04B34E3924C0091C0098D9E8 /* Base */ = {isa = PBXFileReference; lastKnownFileType = file.storyboard; name = Base; path = Base.lproj/LaunchScreen.storyboard; sourceTree = "<group>"; };
		04B34E3B24C0091C0098D9E8 /* Info.plist */ = {isa = PBXFileReference; lastKnownFileType = text.plist.xml; path = Info.plist; sourceTree = "<group>"; };
		04B5A1AF24C01E43008DA70A /* HomeViewController.swift */ = {isa = PBXFileReference; lastKnownFileType = sourcecode.swift; path = HomeViewController.swift; sourceTree = "<group>"; };
		04B5A1B824C021AC008DA70A /* MovieCollectionViewCell.swift */ = {isa = PBXFileReference; lastKnownFileType = sourcecode.swift; path = MovieCollectionViewCell.swift; sourceTree = "<group>"; };
		04B5A1B924C021AC008DA70A /* MovieCollectionViewCell.xib */ = {isa = PBXFileReference; lastKnownFileType = file.xib; path = MovieCollectionViewCell.xib; sourceTree = "<group>"; };
		04BE430B24C04B1F00F76A04 /* SearchViewController.swift */ = {isa = PBXFileReference; lastKnownFileType = sourcecode.swift; path = SearchViewController.swift; sourceTree = "<group>"; };
		04BE431324C05C9A00F76A04 /* TitleCollectionReusableView.swift */ = {isa = PBXFileReference; lastKnownFileType = sourcecode.swift; path = TitleCollectionReusableView.swift; sourceTree = "<group>"; };
		04BE431424C05C9A00F76A04 /* TitleCollectionReusableView.xib */ = {isa = PBXFileReference; lastKnownFileType = file.xib; path = TitleCollectionReusableView.xib; sourceTree = "<group>"; };
		405A7FE6AD5A7C25BA8AF0F2 /* Pods-movie_assignment.release.xcconfig */ = {isa = PBXFileReference; includeInIndex = 1; lastKnownFileType = text.xcconfig; name = "Pods-movie_assignment.release.xcconfig"; path = "Target Support Files/Pods-movie_assignment/Pods-movie_assignment.release.xcconfig"; sourceTree = "<group>"; };
		79B4C6BA100D8C96FE2EA59C /* Pods-movie_assignment.debug.xcconfig */ = {isa = PBXFileReference; includeInIndex = 1; lastKnownFileType = text.xcconfig; name = "Pods-movie_assignment.debug.xcconfig"; path = "Target Support Files/Pods-movie_assignment/Pods-movie_assignment.debug.xcconfig"; sourceTree = "<group>"; };
		DDEA962424C0CBA500E9A1DF /* MovieItemCollectionViewCell.swift */ = {isa = PBXFileReference; lastKnownFileType = sourcecode.swift; path = MovieItemCollectionViewCell.swift; sourceTree = "<group>"; };
		DDEA962524C0CBA500E9A1DF /* MovieItemCollectionViewCell.xib */ = {isa = PBXFileReference; lastKnownFileType = file.xib; path = MovieItemCollectionViewCell.xib; sourceTree = "<group>"; };
		FD1DCC5861579091BB0963B4 /* Pods_movie_assignment.framework */ = {isa = PBXFileReference; explicitFileType = wrapper.framework; includeInIndex = 0; path = Pods_movie_assignment.framework; sourceTree = BUILT_PRODUCTS_DIR; };
/* End PBXFileReference section */

/* Begin PBXFrameworksBuildPhase section */
		04B34E2724C0091A0098D9E8 /* Frameworks */ = {
			isa = PBXFrameworksBuildPhase;
			buildActionMask = 2147483647;
			files = (
				F11F05330E4930770529088F /* Pods_movie_assignment.framework in Frameworks */,
			);
			runOnlyForDeploymentPostprocessing = 0;
		};
/* End PBXFrameworksBuildPhase section */

/* Begin PBXGroup section */
		04B34E2124C0091A0098D9E8 = {
			isa = PBXGroup;
			children = (
				04B34E2C24C0091A0098D9E8 /* movie_assignment */,
				04B34E2B24C0091A0098D9E8 /* Products */,
				6B7146706A6D4DC00AFD1CBD /* Pods */,
				A773CFDC0DF85E76E9138251 /* Frameworks */,
			);
			sourceTree = "<group>";
		};
		04B34E2B24C0091A0098D9E8 /* Products */ = {
			isa = PBXGroup;
			children = (
				04B34E2A24C0091A0098D9E8 /* movie_assignment.app */,
			);
			name = Products;
			sourceTree = "<group>";
		};
		04B34E2C24C0091A0098D9E8 /* movie_assignment */ = {
			isa = PBXGroup;
			children = (
				04B5A1BC24C02420008DA70A /* resources */,
				04B5A1B124C01E62008DA70A /* cells */,
				04B5A1AE24C01E24008DA70A /* viewcontrollers */,
				04B34E4124C0187E0098D9E8 /* storyboards */,
				04B34E2D24C0091A0098D9E8 /* AppDelegate.swift */,
				04B34E2F24C0091A0098D9E8 /* SceneDelegate.swift */,
				04B34E3124C0091A0098D9E8 /* ViewController.swift */,
				04B34E3B24C0091C0098D9E8 /* Info.plist */,
			);
			path = movie_assignment;
			sourceTree = "<group>";
		};
		04B34E4124C0187E0098D9E8 /* storyboards */ = {
			isa = PBXGroup;
			children = (
				04B34E3824C0091C0098D9E8 /* LaunchScreen.storyboard */,
				04B34E3324C0091A0098D9E8 /* Main.storyboard */,
			);
			path = storyboards;
			sourceTree = "<group>";
		};
		04B5A1AE24C01E24008DA70A /* viewcontrollers */ = {
			isa = PBXGroup;
			children = (
				04B5A1AF24C01E43008DA70A /* HomeViewController.swift */,
				04BE430B24C04B1F00F76A04 /* SearchViewController.swift */,
			);
			path = viewcontrollers;
			sourceTree = "<group>";
		};
		04B5A1B124C01E62008DA70A /* cells */ = {
			isa = PBXGroup;
			children = (
				04B5A1B724C02057008DA70A /* swifts */,
				04B5A1B224C01EA3008DA70A /* xibs */,
			);
			path = cells;
			sourceTree = "<group>";
		};
		04B5A1B224C01EA3008DA70A /* xibs */ = {
			isa = PBXGroup;
			children = (
				04B5A1B924C021AC008DA70A /* MovieCollectionViewCell.xib */,
				04BE431424C05C9A00F76A04 /* TitleCollectionReusableView.xib */,
				DDEA962524C0CBA500E9A1DF /* MovieItemCollectionViewCell.xib */,
			);
			path = xibs;
			sourceTree = "<group>";
		};
		04B5A1B724C02057008DA70A /* swifts */ = {
			isa = PBXGroup;
			children = (
				04B5A1B824C021AC008DA70A /* MovieCollectionViewCell.swift */,
				04BE431324C05C9A00F76A04 /* TitleCollectionReusableView.swift */,
				DDEA962424C0CBA500E9A1DF /* MovieItemCollectionViewCell.swift */,
			);
			path = swifts;
			sourceTree = "<group>";
		};
		04B5A1BC24C02420008DA70A /* resources */ = {
			isa = PBXGroup;
			children = (
				04B34E3624C0091C0098D9E8 /* Assets.xcassets */,
			);
			path = resources;
			sourceTree = "<group>";
		};
		6B7146706A6D4DC00AFD1CBD /* Pods */ = {
			isa = PBXGroup;
			children = (
				79B4C6BA100D8C96FE2EA59C /* Pods-movie_assignment.debug.xcconfig */,
				405A7FE6AD5A7C25BA8AF0F2 /* Pods-movie_assignment.release.xcconfig */,
			);
			path = Pods;
			sourceTree = "<group>";
		};
		A773CFDC0DF85E76E9138251 /* Frameworks */ = {
			isa = PBXGroup;
			children = (
				FD1DCC5861579091BB0963B4 /* Pods_movie_assignment.framework */,
			);
			name = Frameworks;
			sourceTree = "<group>";
		};
/* End PBXGroup section */

/* Begin PBXNativeTarget section */
		04B34E2924C0091A0098D9E8 /* movie_assignment */ = {
			isa = PBXNativeTarget;
			buildConfigurationList = 04B34E3E24C0091C0098D9E8 /* Build configuration list for PBXNativeTarget "movie_assignment" */;
			buildPhases = (
				227567FF0ABE312B02C26756 /* [CP] Check Pods Manifest.lock */,
				04B34E2624C0091A0098D9E8 /* Sources */,
				04B34E2724C0091A0098D9E8 /* Frameworks */,
				04B34E2824C0091A0098D9E8 /* Resources */,
				D2C28550908182F83A3E95E6 /* [CP] Embed Pods Frameworks */,
			);
			buildRules = (
			);
			dependencies = (
			);
			name = movie_assignment;
			productName = movie_assignment;
			productReference = 04B34E2A24C0091A0098D9E8 /* movie_assignment.app */;
			productType = "com.apple.product-type.application";
		};
/* End PBXNativeTarget section */

/* Begin PBXProject section */
		04B34E2224C0091A0098D9E8 /* Project object */ = {
			isa = PBXProject;
			attributes = {
				LastSwiftUpdateCheck = 1130;
				LastUpgradeCheck = 1130;
				ORGANIZATIONNAME = padcios;
				TargetAttributes = {
					04B34E2924C0091A0098D9E8 = {
						CreatedOnToolsVersion = 11.3.1;
					};
				};
			};
			buildConfigurationList = 04B34E2524C0091A0098D9E8 /* Build configuration list for PBXProject "movie_assignment" */;
			compatibilityVersion = "Xcode 9.3";
			developmentRegion = en;
			hasScannedForEncodings = 0;
			knownRegions = (
				en,
				Base,
			);
			mainGroup = 04B34E2124C0091A0098D9E8;
			productRefGroup = 04B34E2B24C0091A0098D9E8 /* Products */;
			projectDirPath = "";
			projectRoot = "";
			targets = (
				04B34E2924C0091A0098D9E8 /* movie_assignment */,
			);
		};
/* End PBXProject section */

/* Begin PBXResourcesBuildPhase section */
		04B34E2824C0091A0098D9E8 /* Resources */ = {
			isa = PBXResourcesBuildPhase;
			buildActionMask = 2147483647;
			files = (
				DDEA962824C0CFE700E9A1DF /* MovieItemCollectionViewCell.swift in Resources */,
				04BE431824C05D8800F76A04 /* TitleCollectionReusableView.xib in Resources */,
				04AA917324C048690056F0C7 /* Assets.xcassets in Resources */,
				04AA917424C048690056F0C7 /* MovieCollectionViewCell.xib in Resources */,
				04AA917524C048690056F0C7 /* Main.storyboard in Resources */,
				04AA917624C048690056F0C7 /* LaunchScreen.storyboard in Resources */,
			);
			runOnlyForDeploymentPostprocessing = 0;
		};
/* End PBXResourcesBuildPhase section */

/* Begin PBXShellScriptBuildPhase section */
		227567FF0ABE312B02C26756 /* [CP] Check Pods Manifest.lock */ = {
			isa = PBXShellScriptBuildPhase;
			buildActionMask = 2147483647;
			files = (
			);
			inputFileListPaths = (
			);
			inputPaths = (
				"${PODS_PODFILE_DIR_PATH}/Podfile.lock",
				"${PODS_ROOT}/Manifest.lock",
			);
			name = "[CP] Check Pods Manifest.lock";
			outputFileListPaths = (
			);
			outputPaths = (
				"$(DERIVED_FILE_DIR)/Pods-movie_assignment-checkManifestLockResult.txt",
			);
			runOnlyForDeploymentPostprocessing = 0;
			shellPath = /bin/sh;
			shellScript = "diff \"${PODS_PODFILE_DIR_PATH}/Podfile.lock\" \"${PODS_ROOT}/Manifest.lock\" > /dev/null\nif [ $? != 0 ] ; then\n    # print error to STDERR\n    echo \"error: The sandbox is not in sync with the Podfile.lock. Run 'pod install' or update your CocoaPods installation.\" >&2\n    exit 1\nfi\n# This output is used by Xcode 'outputs' to avoid re-running this script phase.\necho \"SUCCESS\" > \"${SCRIPT_OUTPUT_FILE_0}\"\n";
			showEnvVarsInLog = 0;
		};
		D2C28550908182F83A3E95E6 /* [CP] Embed Pods Frameworks */ = {
			isa = PBXShellScriptBuildPhase;
			buildActionMask = 2147483647;
			files = (
			);
			inputFileListPaths = (
				"${PODS_ROOT}/Target Support Files/Pods-movie_assignment/Pods-movie_assignment-frameworks-${CONFIGURATION}-input-files.xcfilelist",
			);
			name = "[CP] Embed Pods Frameworks";
			outputFileListPaths = (
				"${PODS_ROOT}/Target Support Files/Pods-movie_assignment/Pods-movie_assignment-frameworks-${CONFIGURATION}-output-files.xcfilelist",
			);
			runOnlyForDeploymentPostprocessing = 0;
			shellPath = /bin/sh;
			shellScript = "\"${PODS_ROOT}/Target Support Files/Pods-movie_assignment/Pods-movie_assignment-frameworks.sh\"\n";
			showEnvVarsInLog = 0;
		};
/* End PBXShellScriptBuildPhase section */

/* Begin PBXSourcesBuildPhase section */
		04B34E2624C0091A0098D9E8 /* Sources */ = {
			isa = PBXSourcesBuildPhase;
			buildActionMask = 2147483647;
			files = (
				DDEA962924C0CFF200E9A1DF /* MovieItemCollectionViewCell.swift in Sources */,
				04BE431724C05D7900F76A04 /* TitleCollectionReusableView.swift in Sources */,
				04BE430C24C04B1F00F76A04 /* SearchViewController.swift in Sources */,
				04AA916E24C048430056F0C7 /* MovieCollectionViewCell.swift in Sources */,
				04AA916F24C048430056F0C7 /* HomeViewController.swift in Sources */,
				04AA917024C048430056F0C7 /* AppDelegate.swift in Sources */,
				04AA917124C048430056F0C7 /* SceneDelegate.swift in Sources */,
				04AA917224C048430056F0C7 /* ViewController.swift in Sources */,
			);
			runOnlyForDeploymentPostprocessing = 0;
		};
/* End PBXSourcesBuildPhase section */

/* Begin PBXVariantGroup section */
		04B34E3324C0091A0098D9E8 /* Main.storyboard */ = {
			isa = PBXVariantGroup;
			children = (
				04B34E3424C0091A0098D9E8 /* Base */,
			);
			name = Main.storyboard;
			sourceTree = "<group>";
		};
		04B34E3824C0091C0098D9E8 /* LaunchScreen.storyboard */ = {
			isa = PBXVariantGroup;
			children = (
				04B34E3924C0091C0098D9E8 /* Base */,
			);
			name = LaunchScreen.storyboard;
			sourceTree = "<group>";
		};
/* End PBXVariantGroup section */

/* Begin XCBuildConfiguration section */
		04B34E3C24C0091C0098D9E8 /* Debug */ = {
			isa = XCBuildConfiguration;
			buildSettings = {
				ALWAYS_SEARCH_USER_PATHS = NO;
				CLANG_ANALYZER_NONNULL = YES;
				CLANG_ANALYZER_NUMBER_OBJECT_CONVERSION = YES_AGGRESSIVE;
				CLANG_CXX_LANGUAGE_STANDARD = "gnu++14";
				CLANG_CXX_LIBRARY = "libc++";
				CLANG_ENABLE_MODULES = YES;
				CLANG_ENABLE_OBJC_ARC = YES;
				CLANG_ENABLE_OBJC_WEAK = YES;
				CLANG_WARN_BLOCK_CAPTURE_AUTORELEASING = YES;
				CLANG_WARN_BOOL_CONVERSION = YES;
				CLANG_WARN_COMMA = YES;
				CLANG_WARN_CONSTANT_CONVERSION = YES;
				CLANG_WARN_DEPRECATED_OBJC_IMPLEMENTATIONS = YES;
				CLANG_WARN_DIRECT_OBJC_ISA_USAGE = YES_ERROR;
				CLANG_WARN_DOCUMENTATION_COMMENTS = YES;
				CLANG_WARN_EMPTY_BODY = YES;
				CLANG_WARN_ENUM_CONVERSION = YES;
				CLANG_WARN_INFINITE_RECURSION = YES;
				CLANG_WARN_INT_CONVERSION = YES;
				CLANG_WARN_NON_LITERAL_NULL_CONVERSION = YES;
				CLANG_WARN_OBJC_IMPLICIT_RETAIN_SELF = YES;
				CLANG_WARN_OBJC_LITERAL_CONVERSION = YES;
				CLANG_WARN_OBJC_ROOT_CLASS = YES_ERROR;
				CLANG_WARN_RANGE_LOOP_ANALYSIS = YES;
				CLANG_WARN_STRICT_PROTOTYPES = YES;
				CLANG_WARN_SUSPICIOUS_MOVE = YES;
				CLANG_WARN_UNGUARDED_AVAILABILITY = YES_AGGRESSIVE;
				CLANG_WARN_UNREACHABLE_CODE = YES;
				CLANG_WARN__DUPLICATE_METHOD_MATCH = YES;
				COPY_PHASE_STRIP = NO;
				DEBUG_INFORMATION_FORMAT = dwarf;
				ENABLE_STRICT_OBJC_MSGSEND = YES;
				ENABLE_TESTABILITY = YES;
				GCC_C_LANGUAGE_STANDARD = gnu11;
				GCC_DYNAMIC_NO_PIC = NO;
				GCC_NO_COMMON_BLOCKS = YES;
				GCC_OPTIMIZATION_LEVEL = 0;
				GCC_PREPROCESSOR_DEFINITIONS = (
					"DEBUG=1",
					"$(inherited)",
				);
				GCC_WARN_64_TO_32_BIT_CONVERSION = YES;
				GCC_WARN_ABOUT_RETURN_TYPE = YES_ERROR;
				GCC_WARN_UNDECLARED_SELECTOR = YES;
				GCC_WARN_UNINITIALIZED_AUTOS = YES_AGGRESSIVE;
				GCC_WARN_UNUSED_FUNCTION = YES;
				GCC_WARN_UNUSED_VARIABLE = YES;
				IPHONEOS_DEPLOYMENT_TARGET = 13.2;
				MTL_ENABLE_DEBUG_INFO = INCLUDE_SOURCE;
				MTL_FAST_MATH = YES;
				ONLY_ACTIVE_ARCH = YES;
				SDKROOT = iphoneos;
				SWIFT_ACTIVE_COMPILATION_CONDITIONS = DEBUG;
				SWIFT_OPTIMIZATION_LEVEL = "-Onone";
			};
			name = Debug;
		};
		04B34E3D24C0091C0098D9E8 /* Release */ = {
			isa = XCBuildConfiguration;
			buildSettings = {
				ALWAYS_SEARCH_USER_PATHS = NO;
				CLANG_ANALYZER_NONNULL = YES;
				CLANG_ANALYZER_NUMBER_OBJECT_CONVERSION = YES_AGGRESSIVE;
				CLANG_CXX_LANGUAGE_STANDARD = "gnu++14";
				CLANG_CXX_LIBRARY = "libc++";
				CLANG_ENABLE_MODULES = YES;
				CLANG_ENABLE_OBJC_ARC = YES;
				CLANG_ENABLE_OBJC_WEAK = YES;
				CLANG_WARN_BLOCK_CAPTURE_AUTORELEASING = YES;
				CLANG_WARN_BOOL_CONVERSION = YES;
				CLANG_WARN_COMMA = YES;
				CLANG_WARN_CONSTANT_CONVERSION = YES;
				CLANG_WARN_DEPRECATED_OBJC_IMPLEMENTATIONS = YES;
				CLANG_WARN_DIRECT_OBJC_ISA_USAGE = YES_ERROR;
				CLANG_WARN_DOCUMENTATION_COMMENTS = YES;
				CLANG_WARN_EMPTY_BODY = YES;
				CLANG_WARN_ENUM_CONVERSION = YES;
				CLANG_WARN_INFINITE_RECURSION = YES;
				CLANG_WARN_INT_CONVERSION = YES;
				CLANG_WARN_NON_LITERAL_NULL_CONVERSION = YES;
				CLANG_WARN_OBJC_IMPLICIT_RETAIN_SELF = YES;
				CLANG_WARN_OBJC_LITERAL_CONVERSION = YES;
				CLANG_WARN_OBJC_ROOT_CLASS = YES_ERROR;
				CLANG_WARN_RANGE_LOOP_ANALYSIS = YES;
				CLANG_WARN_STRICT_PROTOTYPES = YES;
				CLANG_WARN_SUSPICIOUS_MOVE = YES;
				CLANG_WARN_UNGUARDED_AVAILABILITY = YES_AGGRESSIVE;
				CLANG_WARN_UNREACHABLE_CODE = YES;
				CLANG_WARN__DUPLICATE_METHOD_MATCH = YES;
				COPY_PHASE_STRIP = NO;
				DEBUG_INFORMATION_FORMAT = "dwarf-with-dsym";
				ENABLE_NS_ASSERTIONS = NO;
				ENABLE_STRICT_OBJC_MSGSEND = YES;
				GCC_C_LANGUAGE_STANDARD = gnu11;
				GCC_NO_COMMON_BLOCKS = YES;
				GCC_WARN_64_TO_32_BIT_CONVERSION = YES;
				GCC_WARN_ABOUT_RETURN_TYPE = YES_ERROR;
				GCC_WARN_UNDECLARED_SELECTOR = YES;
				GCC_WARN_UNINITIALIZED_AUTOS = YES_AGGRESSIVE;
				GCC_WARN_UNUSED_FUNCTION = YES;
				GCC_WARN_UNUSED_VARIABLE = YES;
				IPHONEOS_DEPLOYMENT_TARGET = 13.2;
				MTL_ENABLE_DEBUG_INFO = NO;
				MTL_FAST_MATH = YES;
				SDKROOT = iphoneos;
				SWIFT_COMPILATION_MODE = wholemodule;
				SWIFT_OPTIMIZATION_LEVEL = "-O";
				VALIDATE_PRODUCT = YES;
			};
			name = Release;
		};
		04B34E3F24C0091C0098D9E8 /* Debug */ = {
			isa = XCBuildConfiguration;
			baseConfigurationReference = 79B4C6BA100D8C96FE2EA59C /* Pods-movie_assignment.debug.xcconfig */;
			buildSettings = {
				ASSETCATALOG_COMPILER_APPICON_NAME = AppIcon;
				CODE_SIGN_STYLE = Automatic;
				INFOPLIST_FILE = movie_assignment/Info.plist;
				LD_RUNPATH_SEARCH_PATHS = (
					"$(inherited)",
					"@executable_path/Frameworks",
				);
				PRODUCT_BUNDLE_IDENTIFIER = "padcios.movie-assignment";
				PRODUCT_NAME = "$(TARGET_NAME)";
				SWIFT_VERSION = 5.0;
				TARGETED_DEVICE_FAMILY = "1,2";
			};
			name = Debug;
		};
		04B34E4024C0091C0098D9E8 /* Release */ = {
			isa = XCBuildConfiguration;
			baseConfigurationReference = 405A7FE6AD5A7C25BA8AF0F2 /* Pods-movie_assignment.release.xcconfig */;
			buildSettings = {
				ASSETCATALOG_COMPILER_APPICON_NAME = AppIcon;
				CODE_SIGN_STYLE = Automatic;
				INFOPLIST_FILE = movie_assignment/Info.plist;
				LD_RUNPATH_SEARCH_PATHS = (
					"$(inherited)",
					"@executable_path/Frameworks",
				);
				PRODUCT_BUNDLE_IDENTIFIER = "padcios.movie-assignment";
				PRODUCT_NAME = "$(TARGET_NAME)";
				SWIFT_VERSION = 5.0;
				TARGETED_DEVICE_FAMILY = "1,2";
			};
			name = Release;
		};
/* End XCBuildConfiguration section */

/* Begin XCConfigurationList section */
		04B34E2524C0091A0098D9E8 /* Build configuration list for PBXProject "movie_assignment" */ = {
			isa = XCConfigurationList;
			buildConfigurations = (
				04B34E3C24C0091C0098D9E8 /* Debug */,
				04B34E3D24C0091C0098D9E8 /* Release */,
			);
			defaultConfigurationIsVisible = 0;
			defaultConfigurationName = Release;
		};
		04B34E3E24C0091C0098D9E8 /* Build configuration list for PBXNativeTarget "movie_assignment" */ = {
			isa = XCConfigurationList;
			buildConfigurations = (
				04B34E3F24C0091C0098D9E8 /* Debug */,
				04B34E4024C0091C0098D9E8 /* Release */,
			);
			defaultConfigurationIsVisible = 0;
			defaultConfigurationName = Release;
		};
/* End XCConfigurationList section */
	};
	rootObject = 04B34E2224C0091A0098D9E8 /* Project object */;
}
